
Microsoft Visual Studio Solution File, Format Version 12.00
# Visual Studio 15
VisualStudioVersion = 15.0.26730.8
MinimumVisualStudioVersion = 10.0.40219.1
Project("{FAE04EC0-301F-11D3-BF4B-00C04F79EFBC}") = "SecurityApi", "SecurityApi\SecurityApi.csproj", "{14D0E7B9-A5C3-4376-89CF-E5CD7CE8E52C}"
EndProject
Project("{9A19103F-16F7-4668-BE54-9A1E7A4F7556}") = "MyCodeCamp.Data", "MyCodeCamp.Data\MyCodeCamp.Data.csproj", "{82BB919F-17FC-4048-A24A-40CA47878E29}"
EndProject
Global
	GlobalSection(SolutionConfigurationPlatforms) = preSolution
		Debug|Any CPU = Debug|Any CPU
		Release|Any CPU = Release|Any CPU
	EndGlobalSection
	GlobalSection(ProjectConfigurationPlatforms) = postSolution
		{14D0E7B9-A5C3-4376-89CF-E5CD7CE8E52C}.Debug|Any CPU.ActiveCfg = Debug|Any CPU
		{14D0E7B9-A5C3-4376-89CF-E5CD7CE8E52C}.Debug|Any CPU.Build.0 = Debug|Any CPU
		{14D0E7B9-A5C3-4376-89CF-E5CD7CE8E52C}.Release|Any CPU.ActiveCfg = Release|Any CPU
		{14D0E7B9-A5C3-4376-89CF-E5CD7CE8E52C}.Release|Any CPU.Build.0 = Release|Any CPU
		{82BB919F-17FC-4048-A24A-40CA47878E29}.Debug|Any CPU.ActiveCfg = Debug|Any CPU
		{82BB919F-17FC-4048-A24A-40CA47878E29}.Debug|Any CPU.Build.0 = Debug|Any CPU
		{82BB919F-17FC-4048-A24A-40CA47878E29}.Release|Any CPU.ActiveCfg = Release|Any CPU
		{82BB919F-17FC-4048-A24A-40CA47878E29}.Release|Any CPU.Build.0 = Release|Any CPU
	EndGlobalSection
	GlobalSection(SolutionProperties) = preSolution
		HideSolutionNode = FALSE
	EndGlobalSection
	GlobalSection(ExtensibilityGlobals) = postSolution
		SolutionGuid = {52625B18-579B-448E-83F2-72908BA04208}
	EndGlobalSection
EndGlobal
